
Microsoft Visual Studio Solution File, Format Version 12.00
# Visual Studio Version 17
VisualStudioVersion = 17.7.34031.279
MinimumVisualStudioVersion = 10.0.40219.1
Project("{9A19103F-16F7-4668-BE54-9A1E7A4F7556}") = "GB_CSharp", "GB_CSharp\GB_CSharp.csproj", "{22F399A9-7531-4B62-97C2-E03363C74309}"
	ProjectSection(ProjectDependencies) = postProject
		{64ADEC6F-C58C-4A2A-B994-EE09FB79107A} = {64ADEC6F-C58C-4A2A-B994-EE09FB79107A}
		{D704ADF6-906E-4D70-A283-936F2618E389} = {D704ADF6-906E-4D70-A283-936F2618E389}
	EndProjectSection
EndProject
Project("{2150E333-8FDC-42A3-9474-1A3956D46DE8}") = "001_OOP", "001_OOP", "{E0597901-5738-4076-B2AC-8B93EBEA2090}"
EndProject
Project("{9A19103F-16F7-4668-BE54-9A1E7A4F7556}") = "001_CSharp_OOP", "001_CSharp_OOP\001_CSharp_OOP.csproj", "{64ADEC6F-C58C-4A2A-B994-EE09FB79107A}"
EndProject
Project("{2150E333-8FDC-42A3-9474-1A3956D46DE8}") = "002_Interface", "002_Interface", "{2001DBE5-F703-4D60-9672-1C488AADCB08}"
EndProject
Project("{9A19103F-16F7-4668-BE54-9A1E7A4F7556}") = "002_Interface", "002_Interface\002_Interface.csproj", "{D704ADF6-906E-4D70-A283-936F2618E389}"
EndProject
Project("{2150E333-8FDC-42A3-9474-1A3956D46DE8}") = "000_introduction", "000_introduction", "{06D348D5-1BCB-4DBF-BB6B-8C1B818AD5DB}"
EndProject
Project("{9A19103F-16F7-4668-BE54-9A1E7A4F7556}") = "000_introduction", "000_introduction\000_introduction.csproj", "{5A2F64A5-606F-4126-AA2A-116AEC74CBF1}"
EndProject
Project("{2150E333-8FDC-42A3-9474-1A3956D46DE8}") = "003_collections", "003_collections", "{C18560BB-E7DE-4378-816A-54875BB83BAA}"
EndProject
Project("{9A19103F-16F7-4668-BE54-9A1E7A4F7556}") = "003_collections", "003_collections\003_collections.csproj", "{B744E8C7-CBDE-4B0F-8862-AEE933D7CDB3}"
EndProject
Global
	GlobalSection(SolutionConfigurationPlatforms) = preSolution
		Debug|Any CPU = Debug|Any CPU
		Release|Any CPU = Release|Any CPU
	EndGlobalSection
	GlobalSection(ProjectConfigurationPlatforms) = postSolution
		{22F399A9-7531-4B62-97C2-E03363C74309}.Debug|Any CPU.ActiveCfg = Debug|Any CPU
		{22F399A9-7531-4B62-97C2-E03363C74309}.Debug|Any CPU.Build.0 = Debug|Any CPU
		{22F399A9-7531-4B62-97C2-E03363C74309}.Release|Any CPU.ActiveCfg = Release|Any CPU
		{22F399A9-7531-4B62-97C2-E03363C74309}.Release|Any CPU.Build.0 = Release|Any CPU
		{64ADEC6F-C58C-4A2A-B994-EE09FB79107A}.Debug|Any CPU.ActiveCfg = Debug|Any CPU
		{64ADEC6F-C58C-4A2A-B994-EE09FB79107A}.Debug|Any CPU.Build.0 = Debug|Any CPU
		{64ADEC6F-C58C-4A2A-B994-EE09FB79107A}.Release|Any CPU.ActiveCfg = Release|Any CPU
		{64ADEC6F-C58C-4A2A-B994-EE09FB79107A}.Release|Any CPU.Build.0 = Release|Any CPU
		{D704ADF6-906E-4D70-A283-936F2618E389}.Debug|Any CPU.ActiveCfg = Debug|Any CPU
		{D704ADF6-906E-4D70-A283-936F2618E389}.Debug|Any CPU.Build.0 = Debug|Any CPU
		{D704ADF6-906E-4D70-A283-936F2618E389}.Release|Any CPU.ActiveCfg = Release|Any CPU
		{D704ADF6-906E-4D70-A283-936F2618E389}.Release|Any CPU.Build.0 = Release|Any CPU
		{5A2F64A5-606F-4126-AA2A-116AEC74CBF1}.Debug|Any CPU.ActiveCfg = Debug|Any CPU
		{5A2F64A5-606F-4126-AA2A-116AEC74CBF1}.Debug|Any CPU.Build.0 = Debug|Any CPU
		{5A2F64A5-606F-4126-AA2A-116AEC74CBF1}.Release|Any CPU.ActiveCfg = Release|Any CPU
		{5A2F64A5-606F-4126-AA2A-116AEC74CBF1}.Release|Any CPU.Build.0 = Release|Any CPU
		{B744E8C7-CBDE-4B0F-8862-AEE933D7CDB3}.Debug|Any CPU.ActiveCfg = Debug|Any CPU
		{B744E8C7-CBDE-4B0F-8862-AEE933D7CDB3}.Debug|Any CPU.Build.0 = Debug|Any CPU
		{B744E8C7-CBDE-4B0F-8862-AEE933D7CDB3}.Release|Any CPU.ActiveCfg = Release|Any CPU
		{B744E8C7-CBDE-4B0F-8862-AEE933D7CDB3}.Release|Any CPU.Build.0 = Release|Any CPU
	EndGlobalSection
	GlobalSection(SolutionProperties) = preSolution
		HideSolutionNode = FALSE
	EndGlobalSection
	GlobalSection(NestedProjects) = preSolution
		{64ADEC6F-C58C-4A2A-B994-EE09FB79107A} = {E0597901-5738-4076-B2AC-8B93EBEA2090}
		{D704ADF6-906E-4D70-A283-936F2618E389} = {2001DBE5-F703-4D60-9672-1C488AADCB08}
		{5A2F64A5-606F-4126-AA2A-116AEC74CBF1} = {06D348D5-1BCB-4DBF-BB6B-8C1B818AD5DB}
		{B744E8C7-CBDE-4B0F-8862-AEE933D7CDB3} = {C18560BB-E7DE-4378-816A-54875BB83BAA}
	EndGlobalSection
	GlobalSection(ExtensibilityGlobals) = postSolution
		SolutionGuid = {A719A3EF-0F04-45D2-977D-296FB0653CB2}
	EndGlobalSection
EndGlobal
